
Microsoft Visual Studio Solution File, Format Version 12.00
# Visual Studio Version 16
VisualStudioVersion = 16.0.29728.190
MinimumVisualStudioVersion = 10.0.40219.1
Project("{FAE04EC0-301F-11D3-BF4B-00C04F79EFBC}") = "silmukkaHarjoitus", "silmukkaHarjoitus.csproj", "{B9F3B82A-9D06-4F21-838B-078DF5FA1855}"
EndProject
Global
	GlobalSection(SolutionConfigurationPlatforms) = preSolution
		Debug|Any CPU = Debug|Any CPU
		Release|Any CPU = Release|Any CPU
	EndGlobalSection
	GlobalSection(ProjectConfigurationPlatforms) = postSolution
		{B9F3B82A-9D06-4F21-838B-078DF5FA1855}.Debug|Any CPU.ActiveCfg = Debug|Any CPU
		{B9F3B82A-9D06-4F21-838B-078DF5FA1855}.Debug|Any CPU.Build.0 = Debug|Any CPU
		{B9F3B82A-9D06-4F21-838B-078DF5FA1855}.Release|Any CPU.ActiveCfg = Release|Any CPU
		{B9F3B82A-9D06-4F21-838B-078DF5FA1855}.Release|Any CPU.Build.0 = Release|Any CPU
	EndGlobalSection
	GlobalSection(SolutionProperties) = preSolution
		HideSolutionNode = FALSE
	EndGlobalSection
	GlobalSection(ExtensibilityGlobals) = postSolution
		SolutionGuid = {0E32F7F4-5B3D-4611-AFCD-A0F0E25D9F21}
	EndGlobalSection
EndGlobal
